
Microsoft Visual Studio Solution File, Format Version 12.00
# Visual Studio Version 17
VisualStudioVersion = 17.11.35327.3
MinimumVisualStudioVersion = 10.0.40219.1
Project("{FAE04EC0-301F-11D3-BF4B-00C04F79EFBC}") = "learning", "learning\learning.csproj", "{B7A62F07-F487-48A1-A76D-954AAB9CA8BD}"
EndProject
Global
	GlobalSection(SolutionConfigurationPlatforms) = preSolution
		Debug|Any CPU = Debug|Any CPU
		Release|Any CPU = Release|Any CPU
	EndGlobalSection
	GlobalSection(ProjectConfigurationPlatforms) = postSolution
		{B7A62F07-F487-48A1-A76D-954AAB9CA8BD}.Debug|Any CPU.ActiveCfg = Debug|Any CPU
		{B7A62F07-F487-48A1-A76D-954AAB9CA8BD}.Debug|Any CPU.Build.0 = Debug|Any CPU
		{B7A62F07-F487-48A1-A76D-954AAB9CA8BD}.Release|Any CPU.ActiveCfg = Release|Any CPU
		{B7A62F07-F487-48A1-A76D-954AAB9CA8BD}.Release|Any CPU.Build.0 = Release|Any CPU
	EndGlobalSection
	GlobalSection(SolutionProperties) = preSolution
		HideSolutionNode = FALSE
	EndGlobalSection
	GlobalSection(ExtensibilityGlobals) = postSolution
		SolutionGuid = {2E7A9F29-746E-4277-A9A2-E878F6738B6B}
	EndGlobalSection
EndGlobal
